
Microsoft Visual Studio Solution File, Format Version 12.00
# Visual Studio Version 16
VisualStudioVersion = 16.0.31613.86
MinimumVisualStudioVersion = 10.0.40219.1
Project("{FAE04EC0-301F-11D3-BF4B-00C04F79EFBC}") = "1C_Group", "1C_Group\1C_Group.csproj", "{9CF85C91-5EC0-4BE5-ADEF-AF7153BC6BC5}"
EndProject
Global
	GlobalSection(SolutionConfigurationPlatforms) = preSolution
		Debug|Any CPU = Debug|Any CPU
		Release|Any CPU = Release|Any CPU
	EndGlobalSection
	GlobalSection(ProjectConfigurationPlatforms) = postSolution
		{9CF85C91-5EC0-4BE5-ADEF-AF7153BC6BC5}.Debug|Any CPU.ActiveCfg = Debug|Any CPU
		{9CF85C91-5EC0-4BE5-ADEF-AF7153BC6BC5}.Debug|Any CPU.Build.0 = Debug|Any CPU
		{9CF85C91-5EC0-4BE5-ADEF-AF7153BC6BC5}.Release|Any CPU.ActiveCfg = Release|Any CPU
		{9CF85C91-5EC0-4BE5-ADEF-AF7153BC6BC5}.Release|Any CPU.Build.0 = Release|Any CPU
	EndGlobalSection
	GlobalSection(SolutionProperties) = preSolution
		HideSolutionNode = FALSE
	EndGlobalSection
	GlobalSection(ExtensibilityGlobals) = postSolution
		SolutionGuid = {91798628-5D7E-40AA-9D88-BC8E9ABD210E}
	EndGlobalSection
EndGlobal
